
Microsoft Visual Studio Solution File, Format Version 12.00
# Visual Studio Version 17
VisualStudioVersion = 17.14.36717.8 d17.14
MinimumVisualStudioVersion = 10.0.40219.1
Project("{8BC9CEB8-8B4A-11D0-8D11-00A0C91BC942}") = "2.44Opi1MembrInitlzrsFinal", "2.44Opi1MembrInitlzrsFinal\2.44Opi1MembrInitlzrsFinal.vcxproj", "{855B5E93-5758-4001-814B-CD07E58774A3}"
EndProject
Global
	GlobalSection(SolutionConfigurationPlatforms) = preSolution
		Debug|x64 = Debug|x64
		Debug|x86 = Debug|x86
		Release|x64 = Release|x64
		Release|x86 = Release|x86
	EndGlobalSection
	GlobalSection(ProjectConfigurationPlatforms) = postSolution
		{855B5E93-5758-4001-814B-CD07E58774A3}.Debug|x64.ActiveCfg = Debug|x64
		{855B5E93-5758-4001-814B-CD07E58774A3}.Debug|x64.Build.0 = Debug|x64
		{855B5E93-5758-4001-814B-CD07E58774A3}.Debug|x86.ActiveCfg = Debug|Win32
		{855B5E93-5758-4001-814B-CD07E58774A3}.Debug|x86.Build.0 = Debug|Win32
		{855B5E93-5758-4001-814B-CD07E58774A3}.Release|x64.ActiveCfg = Release|x64
		{855B5E93-5758-4001-814B-CD07E58774A3}.Release|x64.Build.0 = Release|x64
		{855B5E93-5758-4001-814B-CD07E58774A3}.Release|x86.ActiveCfg = Release|Win32
		{855B5E93-5758-4001-814B-CD07E58774A3}.Release|x86.Build.0 = Release|Win32
	EndGlobalSection
	GlobalSection(SolutionProperties) = preSolution
		HideSolutionNode = FALSE
	EndGlobalSection
	GlobalSection(ExtensibilityGlobals) = postSolution
		SolutionGuid = {9E1C266C-1F4B-4F1D-83BA-25281123E36D}
	EndGlobalSection
EndGlobal
