
Microsoft Visual Studio Solution File, Format Version 12.00
# Visual Studio Version 17
VisualStudioVersion = 17.14.36717.8 d17.14
MinimumVisualStudioVersion = 10.0.40219.1
Project("{8BC9CEB8-8B4A-11D0-8D11-00A0C91BC942}") = "1.36OpiPrntMltiDmnsnlFinal", "1.36OpiPrntMltiDmnsnlFinal\1.36OpiPrntMltiDmnsnlFinal.vcxproj", "{8EBBB9E3-9CF2-4614-AC5D-567B51FEE8EE}"
EndProject
Global
	GlobalSection(SolutionConfigurationPlatforms) = preSolution
		Debug|x64 = Debug|x64
		Debug|x86 = Debug|x86
		Release|x64 = Release|x64
		Release|x86 = Release|x86
	EndGlobalSection
	GlobalSection(ProjectConfigurationPlatforms) = postSolution
		{8EBBB9E3-9CF2-4614-AC5D-567B51FEE8EE}.Debug|x64.ActiveCfg = Debug|x64
		{8EBBB9E3-9CF2-4614-AC5D-567B51FEE8EE}.Debug|x64.Build.0 = Debug|x64
		{8EBBB9E3-9CF2-4614-AC5D-567B51FEE8EE}.Debug|x86.ActiveCfg = Debug|Win32
		{8EBBB9E3-9CF2-4614-AC5D-567B51FEE8EE}.Debug|x86.Build.0 = Debug|Win32
		{8EBBB9E3-9CF2-4614-AC5D-567B51FEE8EE}.Release|x64.ActiveCfg = Release|x64
		{8EBBB9E3-9CF2-4614-AC5D-567B51FEE8EE}.Release|x64.Build.0 = Release|x64
		{8EBBB9E3-9CF2-4614-AC5D-567B51FEE8EE}.Release|x86.ActiveCfg = Release|Win32
		{8EBBB9E3-9CF2-4614-AC5D-567B51FEE8EE}.Release|x86.Build.0 = Release|Win32
	EndGlobalSection
	GlobalSection(SolutionProperties) = preSolution
		HideSolutionNode = FALSE
	EndGlobalSection
	GlobalSection(ExtensibilityGlobals) = postSolution
		SolutionGuid = {AFBD4F27-BE5B-4DCB-A973-028F55FA80D5}
	EndGlobalSection
EndGlobal
